PODS:
  - RxSwift (5.0.0)
  - YYCache (1.0.4)

DEPENDENCIES:
  - RxSwift
  - YYCache

SPEC REPOS:
  https://github.com/CocoaPods/Specs.git:
    - RxSwift
    - YYCache

SPEC CHECKSUMS:
  RxSwift: 8b0671caa829a763bbce7271095859121cbd895f
  YYCache: 8105b6638f5e849296c71f331ff83891a4942952

PODFILE CHECKSUM: 31f03f1600102d5231881b1d3a30733e2238f231

COCOAPODS: 1.5.0
